
Microsoft Visual Studio Solution File, Format Version 12.00
# Visual Studio Version 16
VisualStudioVersion = 16.0.29519.87
MinimumVisualStudioVersion = 10.0.40219.1
Project("{FAE04EC0-301F-11D3-BF4B-00C04F79EFBC}") = "TestApp.UWP", "TestApp\TestApp.UWP\TestApp.UWP.csproj", "{4F8E9697-458B-4E68-9CC4-4B6D4934CE8E}"
EndProject
Project("{FAE04EC0-301F-11D3-BF4B-00C04F79EFBC}") = "TestApp.Android", "TestApp\TestApp.Android\TestApp.Android.csproj", "{B5C1D8C4-975A-4CF8-8DD1-F103E26E0E90}"
EndProject
Project("{FAE04EC0-301F-11D3-BF4B-00C04F79EFBC}") = "TestApp.iOS", "TestApp\TestApp.iOS\TestApp.iOS.csproj", "{11777891-A304-447D-B7FA-C137D09F92E1}"
EndProject
Project("{9A19103F-16F7-4668-BE54-9A1E7A4F7556}") = "TestApp", "TestApp\TestApp\TestApp.csproj", "{98E29967-A22D-463E-8E33-93C55D76B1D5}"
EndProject
Project("{FAE04EC0-301F-11D3-BF4B-00C04F79EFBC}") = "TestApp.UnitTest", "TestApp.UnitTest\TestApp.UnitTest.csproj", "{888C1B98-D263-4496-A1DA-805A2769D815}"
EndProject
Global
	GlobalSection(SolutionConfigurationPlatforms) = preSolution
		Debug|Any CPU = Debug|Any CPU
		Debug|ARM = Debug|ARM
		Debug|iPhone = Debug|iPhone
		Debug|iPhoneSimulator = Debug|iPhoneSimulator
		Debug|x64 = Debug|x64
		Debug|x86 = Debug|x86
		Release|Any CPU = Release|Any CPU
		Release|ARM = Release|ARM
		Release|iPhone = Release|iPhone
		Release|iPhoneSimulator = Release|iPhoneSimulator
		Release|x64 = Release|x64
		Release|x86 = Release|x86
	EndGlobalSection
	GlobalSection(ProjectConfigurationPlatforms) = postSolution
		{4F8E9697-458B-4E68-9CC4-4B6D4934CE8E}.Debug|Any CPU.ActiveCfg = Debug|x86
		{4F8E9697-458B-4E68-9CC4-4B6D4934CE8E}.Debug|Any CPU.Build.0 = Debug|x86
		{4F8E9697-458B-4E68-9CC4-4B6D4934CE8E}.Debug|Any CPU.Deploy.0 = Debug|x86
		{4F8E9697-458B-4E68-9CC4-4B6D4934CE8E}.Debug|ARM.ActiveCfg = Debug|ARM
		{4F8E9697-458B-4E68-9CC4-4B6D4934CE8E}.Debug|ARM.Build.0 = Debug|ARM
		{4F8E9697-458B-4E68-9CC4-4B6D4934CE8E}.Debug|ARM.Deploy.0 = Debug|ARM
		{4F8E9697-458B-4E68-9CC4-4B6D4934CE8E}.Debug|iPhone.ActiveCfg = Debug|x86
		{4F8E9697-458B-4E68-9CC4-4B6D4934CE8E}.Debug|iPhone.Build.0 = Debug|x86
		{4F8E9697-458B-4E68-9CC4-4B6D4934CE8E}.Debug|iPhone.Deploy.0 = Debug|x86
		{4F8E9697-458B-4E68-9CC4-4B6D4934CE8E}.Debug|iPhoneSimulator.ActiveCfg = Debug|x86
		{4F8E9697-458B-4E68-9CC4-4B6D4934CE8E}.Debug|iPhoneSimulator.Build.0 = Debug|x86
		{4F8E9697-458B-4E68-9CC4-4B6D4934CE8E}.Debug|iPhoneSimulator.Deploy.0 = Debug|x86
		{4F8E9697-458B-4E68-9CC4-4B6D4934CE8E}.Debug|x64.ActiveCfg = Debug|x64
		{4F8E9697-458B-4E68-9CC4-4B6D4934CE8E}.Debug|x64.Build.0 = Debug|x64
		{4F8E9697-458B-4E68-9CC4-4B6D4934CE8E}.Debug|x64.Deploy.0 = Debug|x64
		{4F8E9697-458B-4E68-9CC4-4B6D4934CE8E}.Debug|x86.ActiveCfg = Debug|x86
		{4F8E9697-458B-4E68-9CC4-4B6D4934CE8E}.Debug|x86.Build.0 = Debug|x86
		{4F8E9697-458B-4E68-9CC4-4B6D4934CE8E}.Debug|x86.Deploy.0 = Debug|x86
		{4F8E9697-458B-4E68-9CC4-4B6D4934CE8E}.Release|Any CPU.ActiveCfg = Release|x86
		{4F8E9697-458B-4E68-9CC4-4B6D4934CE8E}.Release|Any CPU.Build.0 = Release|x86
		{4F8E9697-458B-4E68-9CC4-4B6D4934CE8E}.Release|Any CPU.Deploy.0 = Release|x86
		{4F8E9697-458B-4E68-9CC4-4B6D4934CE8E}.Release|ARM.ActiveCfg = Release|ARM
		{4F8E9697-458B-4E68-9CC4-4B6D4934CE8E}.Release|ARM.Build.0 = Release|ARM
		{4F8E9697-458B-4E68-9CC4-4B6D4934CE8E}.Release|ARM.Deploy.0 = Release|ARM
		{4F8E9697-458B-4E68-9CC4-4B6D4934CE8E}.Release|iPhone.ActiveCfg = Release|x86
		{4F8E9697-458B-4E68-9CC4-4B6D4934CE8E}.Release|iPhone.Build.0 = Release|x86
		{4F8E9697-458B-4E68-9CC4-4B6D4934CE8E}.Release|iPhone.Deploy.0 = Release|x86
		{4F8E9697-458B-4E68-9CC4-4B6D4934CE8E}.Release|iPhoneSimulator.ActiveCfg = Release|x86
		{4F8E9697-458B-4E68-9CC4-4B6D4934CE8E}.Release|iPhoneSimulator.Build.0 = Release|x86
		{4F8E9697-458B-4E68-9CC4-4B6D4934CE8E}.Release|iPhoneSimulator.Deploy.0 = Release|x86
		{4F8E9697-458B-4E68-9CC4-4B6D4934CE8E}.Release|x64.ActiveCfg = Release|x64
		{4F8E9697-458B-4E68-9CC4-4B6D4934CE8E}.Release|x64.Build.0 = Release|x64
		{4F8E9697-458B-4E68-9CC4-4B6D4934CE8E}.Release|x64.Deploy.0 = Release|x64
		{4F8E9697-458B-4E68-9CC4-4B6D4934CE8E}.Release|x86.ActiveCfg = Release|x86
		{4F8E9697-458B-4E68-9CC4-4B6D4934CE8E}.Release|x86.Build.0 = Release|x86
		{4F8E9697-458B-4E68-9CC4-4B6D4934CE8E}.Release|x86.Deploy.0 = Release|x86
		{B5C1D8C4-975A-4CF8-8DD1-F103E26E0E90}.Debug|Any CPU.ActiveCfg = Debug|Any CPU
		{B5C1D8C4-975A-4CF8-8DD1-F103E26E0E90}.Debug|Any CPU.Build.0 = Debug|Any CPU
		{B5C1D8C4-975A-4CF8-8DD1-F103E26E0E90}.Debug|Any CPU.Deploy.0 = Debug|Any CPU
		{B5C1D8C4-975A-4CF8-8DD1-F103E26E0E90}.Debug|ARM.ActiveCfg = Debug|Any CPU
		{B5C1D8C4-975A-4CF8-8DD1-F103E26E0E90}.Debug|ARM.Build.0 = Debug|Any CPU
		{B5C1D8C4-975A-4CF8-8DD1-F103E26E0E90}.Debug|ARM.Deploy.0 = Debug|Any CPU
		{B5C1D8C4-975A-4CF8-8DD1-F103E26E0E90}.Debug|iPhone.ActiveCfg = Debug|Any CPU
		{B5C1D8C4-975A-4CF8-8DD1-F103E26E0E90}.Debug|iPhone.Build.0 = Debug|Any CPU
		{B5C1D8C4-975A-4CF8-8DD1-F103E26E0E90}.Debug|iPhone.Deploy.0 = Debug|Any CPU
		{B5C1D8C4-975A-4CF8-8DD1-F103E26E0E90}.Debug|iPhoneSimulator.ActiveCfg = Debug|Any CPU
		{B5C1D8C4-975A-4CF8-8DD1-F103E26E0E90}.Debug|iPhoneSimulator.Build.0 = Debug|Any CPU
		{B5C1D8C4-975A-4CF8-8DD1-F103E26E0E90}.Debug|iPhoneSimulator.Deploy.0 = Debug|Any CPU
		{B5C1D8C4-975A-4CF8-8DD1-F103E26E0E90}.Debug|x64.ActiveCfg = Debug|Any CPU
		{B5C1D8C4-975A-4CF8-8DD1-F103E26E0E90}.Debug|x64.Build.0 = Debug|Any CPU
		{B5C1D8C4-975A-4CF8-8DD1-F103E26E0E90}.Debug|x64.Deploy.0 = Debug|Any CPU
		{B5C1D8C4-975A-4CF8-8DD1-F103E26E0E90}.Debug|x86.ActiveCfg = Debug|Any CPU
		{B5C1D8C4-975A-4CF8-8DD1-F103E26E0E90}.Debug|x86.Build.0 = Debug|Any CPU
		{B5C1D8C4-975A-4CF8-8DD1-F103E26E0E90}.Debug|x86.Deploy.0 = Debug|Any CPU
		{B5C1D8C4-975A-4CF8-8DD1-F103E26E0E90}.Release|Any CPU.ActiveCfg = Release|Any CPU
		{B5C1D8C4-975A-4CF8-8DD1-F103E26E0E90}.Release|Any CPU.Build.0 = Release|Any CPU
		{B5C1D8C4-975A-4CF8-8DD1-F103E26E0E90}.Release|Any CPU.Deploy.0 = Release|Any CPU
		{B5C1D8C4-975A-4CF8-8DD1-F103E26E0E90}.Release|ARM.ActiveCfg = Release|Any CPU
		{B5C1D8C4-975A-4CF8-8DD1-F103E26E0E90}.Release|ARM.Build.0 = Release|Any CPU
		{B5C1D8C4-975A-4CF8-8DD1-F103E26E0E90}.Release|ARM.Deploy.0 = Release|Any CPU
		{B5C1D8C4-975A-4CF8-8DD1-F103E26E0E90}.Release|iPhone.ActiveCfg = Release|Any CPU
		{B5C1D8C4-975A-4CF8-8DD1-F103E26E0E90}.Release|iPhone.Build.0 = Release|Any CPU
		{B5C1D8C4-975A-4CF8-8DD1-F103E26E0E90}.Release|iPhone.Deploy.0 = Release|Any CPU
		{B5C1D8C4-975A-4CF8-8DD1-F103E26E0E90}.Release|iPhoneSimulator.ActiveCfg = Release|Any CPU
		{B5C1D8C4-975A-4CF8-8DD1-F103E26E0E90}.Release|iPhoneSimulator.Build.0 = Release|Any CPU
		{B5C1D8C4-975A-4CF8-8DD1-F103E26E0E90}.Release|iPhoneSimulator.Deploy.0 = Release|Any CPU
		{B5C1D8C4-975A-4CF8-8DD1-F103E26E0E90}.Release|x64.ActiveCfg = Release|Any CPU
		{B5C1D8C4-975A-4CF8-8DD1-F103E26E0E90}.Release|x64.Build.0 = Release|Any CPU
		{B5C1D8C4-975A-4CF8-8DD1-F103E26E0E90}.Release|x64.Deploy.0 = Release|Any CPU
		{B5C1D8C4-975A-4CF8-8DD1-F103E26E0E90}.Release|x86.ActiveCfg = Release|Any CPU
		{B5C1D8C4-975A-4CF8-8DD1-F103E26E0E90}.Release|x86.Build.0 = Release|Any CPU
		{B5C1D8C4-975A-4CF8-8DD1-F103E26E0E90}.Release|x86.Deploy.0 = Release|Any CPU
		{11777891-A304-447D-B7FA-C137D09F92E1}.Debug|Any CPU.ActiveCfg = Debug|iPhone
		{11777891-A304-447D-B7FA-C137D09F92E1}.Debug|Any CPU.Build.0 = Debug|iPhone
		{11777891-A304-447D-B7FA-C137D09F92E1}.Debug|Any CPU.Deploy.0 = Debug|iPhone
		{11777891-A304-447D-B7FA-C137D09F92E1}.Debug|ARM.ActiveCfg = Debug|iPhoneSimulator
		{11777891-A304-447D-B7FA-C137D09F92E1}.Debug|ARM.Build.0 = Debug|iPhoneSimulator
		{11777891-A304-447D-B7FA-C137D09F92E1}.Debug|ARM.Deploy.0 = Debug|iPhoneSimulator
		{11777891-A304-447D-B7FA-C137D09F92E1}.Debug|iPhone.ActiveCfg = Debug|iPhone
		{11777891-A304-447D-B7FA-C137D09F92E1}.Debug|iPhone.Build.0 = Debug|iPhone
		{11777891-A304-447D-B7FA-C137D09F92E1}.Debug|iPhone.Deploy.0 = Debug|iPhone
		{11777891-A304-447D-B7FA-C137D09F92E1}.Debug|iPhoneSimulator.ActiveCfg = Debug|iPhoneSimulator
		{11777891-A304-447D-B7FA-C137D09F92E1}.Debug|iPhoneSimulator.Build.0 = Debug|iPhoneSimulator
		{11777891-A304-447D-B7FA-C137D09F92E1}.Debug|iPhoneSimulator.Deploy.0 = Debug|iPhoneSimulator
		{11777891-A304-447D-B7FA-C137D09F92E1}.Debug|x64.ActiveCfg = Debug|iPhone
		{11777891-A304-447D-B7FA-C137D09F92E1}.Debug|x64.Build.0 = Debug|iPhone
		{11777891-A304-447D-B7FA-C137D09F92E1}.Debug|x64.Deploy.0 = Debug|iPhone
		{11777891-A304-447D-B7FA-C137D09F92E1}.Debug|x86.ActiveCfg = Debug|iPhone
		{11777891-A304-447D-B7FA-C137D09F92E1}.Debug|x86.Build.0 = Debug|iPhone
		{11777891-A304-447D-B7FA-C137D09F92E1}.Debug|x86.Deploy.0 = Debug|iPhone
		{11777891-A304-447D-B7FA-C137D09F92E1}.Release|Any CPU.ActiveCfg = Release|iPhone
		{11777891-A304-447D-B7FA-C137D09F92E1}.Release|Any CPU.Build.0 = Release|iPhone
		{11777891-A304-447D-B7FA-C137D09F92E1}.Release|Any CPU.Deploy.0 = Release|iPhone
		{11777891-A304-447D-B7FA-C137D09F92E1}.Release|ARM.ActiveCfg = Release|iPhone
		{11777891-A304-447D-B7FA-C137D09F92E1}.Release|ARM.Build.0 = Release|iPhone
		{11777891-A304-447D-B7FA-C137D09F92E1}.Release|ARM.Deploy.0 = Release|iPhone
		{11777891-A304-447D-B7FA-C137D09F92E1}.Release|iPhone.ActiveCfg = Release|iPhone
		{11777891-A304-447D-B7FA-C137D09F92E1}.Release|iPhone.Build.0 = Release|iPhone
		{11777891-A304-447D-B7FA-C137D09F92E1}.Release|iPhone.Deploy.0 = Release|iPhone
		{11777891-A304-447D-B7FA-C137D09F92E1}.Release|iPhoneSimulator.ActiveCfg = Release|iPhoneSimulator
		{11777891-A304-447D-B7FA-C137D09F92E1}.Release|iPhoneSimulator.Build.0 = Release|iPhoneSimulator
		{11777891-A304-447D-B7FA-C137D09F92E1}.Release|iPhoneSimulator.Deploy.0 = Release|iPhoneSimulator
		{11777891-A304-447D-B7FA-C137D09F92E1}.Release|x64.ActiveCfg = Release|iPhone
		{11777891-A304-447D-B7FA-C137D09F92E1}.Release|x64.Build.0 = Release|iPhone
		{11777891-A304-447D-B7FA-C137D09F92E1}.Release|x64.Deploy.0 = Release|iPhone
		{11777891-A304-447D-B7FA-C137D09F92E1}.Release|x86.ActiveCfg = Release|iPhone
		{11777891-A304-447D-B7FA-C137D09F92E1}.Release|x86.Build.0 = Release|iPhone
		{11777891-A304-447D-B7FA-C137D09F92E1}.Release|x86.Deploy.0 = Release|iPhone
		{98E29967-A22D-463E-8E33-93C55D76B1D5}.Debug|Any CPU.ActiveCfg = Debug|Any CPU
		{98E29967-A22D-463E-8E33-93C55D76B1D5}.Debug|Any CPU.Build.0 = Debug|Any CPU
		{98E29967-A22D-463E-8E33-93C55D76B1D5}.Debug|Any CPU.Deploy.0 = Debug|Any CPU
		{98E29967-A22D-463E-8E33-93C55D76B1D5}.Debug|ARM.ActiveCfg = Debug|Any CPU
		{98E29967-A22D-463E-8E33-93C55D76B1D5}.Debug|ARM.Build.0 = Debug|Any CPU
		{98E29967-A22D-463E-8E33-93C55D76B1D5}.Debug|ARM.Deploy.0 = Debug|Any CPU
		{98E29967-A22D-463E-8E33-93C55D76B1D5}.Debug|iPhone.ActiveCfg = Debug|Any CPU
		{98E29967-A22D-463E-8E33-93C55D76B1D5}.Debug|iPhone.Build.0 = Debug|Any CPU
		{98E29967-A22D-463E-8E33-93C55D76B1D5}.Debug|iPhone.Deploy.0 = Debug|Any CPU
		{98E29967-A22D-463E-8E33-93C55D76B1D5}.Debug|iPhoneSimulator.ActiveCfg = Debug|Any CPU
		{98E29967-A22D-463E-8E33-93C55D76B1D5}.Debug|iPhoneSimulator.Build.0 = Debug|Any CPU
		{98E29967-A22D-463E-8E33-93C55D76B1D5}.Debug|iPhoneSimulator.Deploy.0 = Debug|Any CPU
		{98E29967-A22D-463E-8E33-93C55D76B1D5}.Debug|x64.ActiveCfg = Debug|Any CPU
		{98E29967-A22D-463E-8E33-93C55D76B1D5}.Debug|x64.Build.0 = Debug|Any CPU
		{98E29967-A22D-463E-8E33-93C55D76B1D5}.Debug|x64.Deploy.0 = Debug|Any CPU
		{98E29967-A22D-463E-8E33-93C55D76B1D5}.Debug|x86.ActiveCfg = Debug|Any CPU
		{98E29967-A22D-463E-8E33-93C55D76B1D5}.Debug|x86.Build.0 = Debug|Any CPU
		{98E29967-A22D-463E-8E33-93C55D76B1D5}.Debug|x86.Deploy.0 = Debug|Any CPU
		{98E29967-A22D-463E-8E33-93C55D76B1D5}.Release|Any CPU.ActiveCfg = Release|Any CPU
		{98E29967-A22D-463E-8E33-93C55D76B1D5}.Release|Any CPU.Build.0 = Release|Any CPU
		{98E29967-A22D-463E-8E33-93C55D76B1D5}.Release|Any CPU.Deploy.0 = Release|Any CPU
		{98E29967-A22D-463E-8E33-93C55D76B1D5}.Release|ARM.ActiveCfg = Release|Any CPU
		{98E29967-A22D-463E-8E33-93C55D76B1D5}.Release|ARM.Build.0 = Release|Any CPU
		{98E29967-A22D-463E-8E33-93C55D76B1D5}.Release|ARM.Deploy.0 = Release|Any CPU
		{98E29967-A22D-463E-8E33-93C55D76B1D5}.Release|iPhone.ActiveCfg = Release|Any CPU
		{98E29967-A22D-463E-8E33-93C55D76B1D5}.Release|iPhone.Build.0 = Release|Any CPU
		{98E29967-A22D-463E-8E33-93C55D76B1D5}.Release|iPhone.Deploy.0 = Release|Any CPU
		{98E29967-A22D-463E-8E33-93C55D76B1D5}.Release|iPhoneSimulator.ActiveCfg = Release|Any CPU
		{98E29967-A22D-463E-8E33-93C55D76B1D5}.Release|iPhoneSimulator.Build.0 = Release|Any CPU
		{98E29967-A22D-463E-8E33-93C55D76B1D5}.Release|iPhoneSimulator.Deploy.0 = Release|Any CPU
		{98E29967-A22D-463E-8E33-93C55D76B1D5}.Release|x64.ActiveCfg = Release|Any CPU
		{98E29967-A22D-463E-8E33-93C55D76B1D5}.Release|x64.Build.0 = Release|Any CPU
		{98E29967-A22D-463E-8E33-93C55D76B1D5}.Release|x64.Deploy.0 = Release|Any CPU
		{98E29967-A22D-463E-8E33-93C55D76B1D5}.Release|x86.ActiveCfg = Release|Any CPU
		{98E29967-A22D-463E-8E33-93C55D76B1D5}.Release|x86.Build.0 = Release|Any CPU
		{98E29967-A22D-463E-8E33-93C55D76B1D5}.Release|x86.Deploy.0 = Release|Any CPU
		{888C1B98-D263-4496-A1DA-805A2769D815}.Debug|Any CPU.ActiveCfg = Debug|Any CPU
		{888C1B98-D263-4496-A1DA-805A2769D815}.Debug|Any CPU.Build.0 = Debug|Any CPU
		{888C1B98-D263-4496-A1DA-805A2769D815}.Debug|ARM.ActiveCfg = Debug|Any CPU
		{888C1B98-D263-4496-A1DA-805A2769D815}.Debug|ARM.Build.0 = Debug|Any CPU
		{888C1B98-D263-4496-A1DA-805A2769D815}.Debug|iPhone.ActiveCfg = Debug|Any CPU
		{888C1B98-D263-4496-A1DA-805A2769D815}.Debug|iPhone.Build.0 = Debug|Any CPU
		{888C1B98-D263-4496-A1DA-805A2769D815}.Debug|iPhoneSimulator.ActiveCfg = Debug|Any CPU
		{888C1B98-D263-4496-A1DA-805A2769D815}.Debug|iPhoneSimulator.Build.0 = Debug|Any CPU
		{888C1B98-D263-4496-A1DA-805A2769D815}.Debug|x64.ActiveCfg = Debug|Any CPU
		{888C1B98-D263-4496-A1DA-805A2769D815}.Debug|x64.Build.0 = Debug|Any CPU
		{888C1B98-D263-4496-A1DA-805A2769D815}.Debug|x86.ActiveCfg = Debug|Any CPU
		{888C1B98-D263-4496-A1DA-805A2769D815}.Debug|x86.Build.0 = Debug|Any CPU
		{888C1B98-D263-4496-A1DA-805A2769D815}.Release|Any CPU.ActiveCfg = Release|Any CPU
		{888C1B98-D263-4496-A1DA-805A2769D815}.Release|Any CPU.Build.0 = Release|Any CPU
		{888C1B98-D263-4496-A1DA-805A2769D815}.Release|ARM.ActiveCfg = Release|Any CPU
		{888C1B98-D263-4496-A1DA-805A2769D815}.Release|ARM.Build.0 = Release|Any CPU
		{888C1B98-D263-4496-A1DA-805A2769D815}.Release|iPhone.ActiveCfg = Release|Any CPU
		{888C1B98-D263-4496-A1DA-805A2769D815}.Release|iPhone.Build.0 = Release|Any CPU
		{888C1B98-D263-4496-A1DA-805A2769D815}.Release|iPhoneSimulator.ActiveCfg = Release|Any CPU
		{888C1B98-D263-4496-A1DA-805A2769D815}.Release|iPhoneSimulator.Build.0 = Release|Any CPU
		{888C1B98-D263-4496-A1DA-805A2769D815}.Release|x64.ActiveCfg = Release|Any CPU
		{888C1B98-D263-4496-A1DA-805A2769D815}.Release|x64.Build.0 = Release|Any CPU
		{888C1B98-D263-4496-A1DA-805A2769D815}.Release|x86.ActiveCfg = Release|Any CPU
		{888C1B98-D263-4496-A1DA-805A2769D815}.Release|x86.Build.0 = Release|Any CPU
	EndGlobalSection
	GlobalSection(SolutionProperties) = preSolution
		HideSolutionNode = FALSE
	EndGlobalSection
	GlobalSection(ExtensibilityGlobals) = postSolution
		SolutionGuid = {47477D69-4350-41E5-A017-80A941FD1701}
	EndGlobalSection
EndGlobal
